
Microsoft Visual Studio Solution File, Format Version 12.00
# Visual Studio Version 17
VisualStudioVersion = 17.9.34728.123
MinimumVisualStudioVersion = 10.0.40219.1
Project("{9A19103F-16F7-4668-BE54-9A1E7A4F7556}") = "Customers.Data", "Customers.Data\Customers.Data.csproj", "{3E27C532-9745-4AD7-B97D-AE74F1363303}"
EndProject
Project("{9A19103F-16F7-4668-BE54-9A1E7A4F7556}") = "Customers.Infrastructure", "Customers.Infrastructure\Customers.Infrastructure.csproj", "{5DA728E2-1979-401A-A7AF-FAC2C5D16B5C}"
EndProject
Project("{9A19103F-16F7-4668-BE54-9A1E7A4F7556}") = "Customers.Services", "Customers.Services\Customers.Services.csproj", "{08FE14A1-60A0-488D-9B72-529B20FDA0CA}"
EndProject
Project("{9A19103F-16F7-4668-BE54-9A1E7A4F7556}") = "Customers.Admin", "Customers.Admin\Customers.Admin.csproj", "{5C238223-7AAA-4FEA-85A6-4A361C9F966F}"
EndProject
Global
	GlobalSection(SolutionConfigurationPlatforms) = preSolution
		Debug|Any CPU = Debug|Any CPU
		Release|Any CPU = Release|Any CPU
	EndGlobalSection
	GlobalSection(ProjectConfigurationPlatforms) = postSolution
		{3E27C532-9745-4AD7-B97D-AE74F1363303}.Debug|Any CPU.ActiveCfg = Debug|Any CPU
		{3E27C532-9745-4AD7-B97D-AE74F1363303}.Debug|Any CPU.Build.0 = Debug|Any CPU
		{3E27C532-9745-4AD7-B97D-AE74F1363303}.Release|Any CPU.ActiveCfg = Release|Any CPU
		{3E27C532-9745-4AD7-B97D-AE74F1363303}.Release|Any CPU.Build.0 = Release|Any CPU
		{5DA728E2-1979-401A-A7AF-FAC2C5D16B5C}.Debug|Any CPU.ActiveCfg = Debug|Any CPU
		{5DA728E2-1979-401A-A7AF-FAC2C5D16B5C}.Debug|Any CPU.Build.0 = Debug|Any CPU
		{5DA728E2-1979-401A-A7AF-FAC2C5D16B5C}.Release|Any CPU.ActiveCfg = Release|Any CPU
		{5DA728E2-1979-401A-A7AF-FAC2C5D16B5C}.Release|Any CPU.Build.0 = Release|Any CPU
		{08FE14A1-60A0-488D-9B72-529B20FDA0CA}.Debug|Any CPU.ActiveCfg = Debug|Any CPU
		{08FE14A1-60A0-488D-9B72-529B20FDA0CA}.Debug|Any CPU.Build.0 = Debug|Any CPU
		{08FE14A1-60A0-488D-9B72-529B20FDA0CA}.Release|Any CPU.ActiveCfg = Release|Any CPU
		{08FE14A1-60A0-488D-9B72-529B20FDA0CA}.Release|Any CPU.Build.0 = Release|Any CPU
		{5C238223-7AAA-4FEA-85A6-4A361C9F966F}.Debug|Any CPU.ActiveCfg = Debug|Any CPU
		{5C238223-7AAA-4FEA-85A6-4A361C9F966F}.Debug|Any CPU.Build.0 = Debug|Any CPU
		{5C238223-7AAA-4FEA-85A6-4A361C9F966F}.Release|Any CPU.ActiveCfg = Release|Any CPU
		{5C238223-7AAA-4FEA-85A6-4A361C9F966F}.Release|Any CPU.Build.0 = Release|Any CPU
	EndGlobalSection
	GlobalSection(SolutionProperties) = preSolution
		HideSolutionNode = FALSE
	EndGlobalSection
	GlobalSection(ExtensibilityGlobals) = postSolution
		SolutionGuid = {B7E41AD6-EA3D-420C-AE17-F152F44A704C}
	EndGlobalSection
EndGlobal
